
Microsoft Visual Studio Solution File, Format Version 12.00
# Visual Studio Version 16
VisualStudioVersion = 16.0.31112.23
MinimumVisualStudioVersion = 10.0.40219.1
Project("{FAE04EC0-301F-11D3-BF4B-00C04F79EFBC}") = "Inspections_Test", "Inspections_Test\Inspections_Test.csproj", "{44A579BC-8E2B-40B2-BB88-9A2896F4DA7F}"
EndProject
Global
	GlobalSection(SolutionConfigurationPlatforms) = preSolution
		Debug|Any CPU = Debug|Any CPU
		Release|Any CPU = Release|Any CPU
	EndGlobalSection
	GlobalSection(ProjectConfigurationPlatforms) = postSolution
		{44A579BC-8E2B-40B2-BB88-9A2896F4DA7F}.Debug|Any CPU.ActiveCfg = Debug|Any CPU
		{44A579BC-8E2B-40B2-BB88-9A2896F4DA7F}.Debug|Any CPU.Build.0 = Debug|Any CPU
		{44A579BC-8E2B-40B2-BB88-9A2896F4DA7F}.Release|Any CPU.ActiveCfg = Release|Any CPU
		{44A579BC-8E2B-40B2-BB88-9A2896F4DA7F}.Release|Any CPU.Build.0 = Release|Any CPU
	EndGlobalSection
	GlobalSection(SolutionProperties) = preSolution
		HideSolutionNode = FALSE
	EndGlobalSection
	GlobalSection(ExtensibilityGlobals) = postSolution
		SolutionGuid = {19407E6B-F763-4271-B3F3-70B3C7F1A45E}
	EndGlobalSection
EndGlobal
